
Microsoft Visual Studio Solution File, Format Version 12.00
# Visual Studio Version 16
VisualStudioVersion = 16.0.29613.14
MinimumVisualStudioVersion = 10.0.40219.1
Project("{9A19103F-16F7-4668-BE54-9A1E7A4F7556}") = "SqlBatis", "SqlBatis\SqlBatis.csproj", "{769AE0A9-2981-4236-B17A-C3CFE03AE7E5}"
EndProject
Project("{9A19103F-16F7-4668-BE54-9A1E7A4F7556}") = "SqlBatis.Test", "SqlBatis.Test\SqlBatis.Test.csproj", "{025E4525-F2D4-4EFB-A012-1ECB4CD8D0AF}"
EndProject
Project("{FAE04EC0-301F-11D3-BF4B-00C04F79EFBC}") = "SqlBatis.Extensions.Dapper", "SqlBatis.Extensions.Dapper\SqlBatis.Extensions.Dapper.csproj", "{BD11BB2D-CCFA-4239-9842-C0150D93A748}"
EndProject
Global
	GlobalSection(SolutionConfigurationPlatforms) = preSolution
		Debug|Any CPU = Debug|Any CPU
		Release|Any CPU = Release|Any CPU
	EndGlobalSection
	GlobalSection(ProjectConfigurationPlatforms) = postSolution
		{769AE0A9-2981-4236-B17A-C3CFE03AE7E5}.Debug|Any CPU.ActiveCfg = Debug|Any CPU
		{769AE0A9-2981-4236-B17A-C3CFE03AE7E5}.Debug|Any CPU.Build.0 = Debug|Any CPU
		{769AE0A9-2981-4236-B17A-C3CFE03AE7E5}.Release|Any CPU.ActiveCfg = Release|Any CPU
		{769AE0A9-2981-4236-B17A-C3CFE03AE7E5}.Release|Any CPU.Build.0 = Release|Any CPU
		{025E4525-F2D4-4EFB-A012-1ECB4CD8D0AF}.Debug|Any CPU.ActiveCfg = Debug|Any CPU
		{025E4525-F2D4-4EFB-A012-1ECB4CD8D0AF}.Debug|Any CPU.Build.0 = Debug|Any CPU
		{025E4525-F2D4-4EFB-A012-1ECB4CD8D0AF}.Release|Any CPU.ActiveCfg = Release|Any CPU
		{025E4525-F2D4-4EFB-A012-1ECB4CD8D0AF}.Release|Any CPU.Build.0 = Release|Any CPU
		{BD11BB2D-CCFA-4239-9842-C0150D93A748}.Debug|Any CPU.ActiveCfg = Debug|Any CPU
		{BD11BB2D-CCFA-4239-9842-C0150D93A748}.Debug|Any CPU.Build.0 = Debug|Any CPU
		{BD11BB2D-CCFA-4239-9842-C0150D93A748}.Release|Any CPU.ActiveCfg = Release|Any CPU
		{BD11BB2D-CCFA-4239-9842-C0150D93A748}.Release|Any CPU.Build.0 = Release|Any CPU
	EndGlobalSection
	GlobalSection(SolutionProperties) = preSolution
		HideSolutionNode = FALSE
	EndGlobalSection
	GlobalSection(ExtensibilityGlobals) = postSolution
		SolutionGuid = {F5B03AAC-1FA8-4962-A6BB-EDA00F230542}
	EndGlobalSection
EndGlobal
